{
  "name": "osaHealth",
  "lockfileVersion": 3,
  "requires": true,
  "packages": {
    "": {
      "dependencies": {
        "backlog.md": "^1.45.1",
        "husky": "^9.1.7"
      }
    },
    "node_modules/backlog.md": {
      "version": "1.45.1",
      "resolved": "https://registry.npmjs.org/backlog.md/-/backlog.md-1.45.1.tgz",
      "integrity": "sha512-F/ZOOOviL2Z3ArqjIRSE3ZxuU1Qy+ZDfHv7o5Q/kF3EHOfdK1qUj+RD4qc0PEKMlu0mbN0H7A4zXkHNZOXZPOg==",
      "license": "MIT",
      "bin": {
        "backlog": "cli.js"
      },
      "optionalDependencies": {
        "backlog.md-darwin-arm64": "1.45.1",
        "backlog.md-darwin-x64": "1.45.1",
        "backlog.md-linux-arm64": "1.45.1",
        "backlog.md-linux-x64": "1.45.1",
        "backlog.md-windows-x64": "1.45.1"
      }
    },
    "node_modules/backlog.md-darwin-arm64": {
      "version": "1.45.1",
      "resolved": "https://registry.npmjs.org/backlog.md-darwin-arm64/-/backlog.md-darwin-arm64-1.45.1.tgz",
      "integrity": "sha512-ST8BA5RZ71kiXqRnWxUPh4TXhc+1Edl5i5tFJnaZbZr1192j9aCrcZczOQq3TqCrS4AUyRYlf9Quu31b3kUJdg==",
      "cpu": [
        "arm64"
      ],
      "optional": true,
      "os": [
        "darwin"
      ]
    },
    "node_modules/backlog.md-darwin-x64": {
      "version": "1.45.1",
      "resolved": "https://registry.npmjs.org/backlog.md-darwin-x64/-/backlog.md-darwin-x64-1.45.1.tgz",
      "integrity": "sha512-d4RSmyKbIyoAURvWNAAH+pJSvazmhq99qoz7RQIKXtU5lOtRVlejLGc7MZPRX3tmVsNuecDrSPhJMIf9LGcZiA==",
      "cpu": [
        "x64"
      ],
      "optional": true,
      "os": [
        "darwin"
      ]
    },
    "node_modules/backlog.md-linux-arm64": {
      "version": "1.45.1",
      "resolved": "https://registry.npmjs.org/backlog.md-linux-arm64/-/backlog.md-linux-arm64-1.45.1.tgz",
      "integrity": "sha512-O9Z+YYGbLqOgfANWZls/z/iq5RGCPEEa/yYTAy4EJ3vtYxrv8pjNnVLOXiWuyVAYLw8CTp1G6cxm8rjCVIJ3RA==",
      "cpu": [
        "arm64"
      ],
      "optional": true,
      "os": [
        "linux"
      ]
    },
    "node_modules/backlog.md-linux-x64": {
      "version": "1.45.1",
      "resolved": "https://registry.npmjs.org/backlog.md-linux-x64/-/backlog.md-linux-x64-1.45.1.tgz",
      "integrity": "sha512-IJZjSWgu9wo75fgyZZnHa9ChqyPGdTi2a7tPoz8DbShY12z7uTm21pXiSxW/5uPNmcbXQtotyh6eyClavfqgRw==",
      "cpu": [
        "x64"
      ],
      "optional": true,
      "os": [
        "linux"
      ]
    },
    "node_modules/backlog.md-windows-x64": {
      "version": "1.45.1",
      "resolved": "https://registry.npmjs.org/backlog.md-windows-x64/-/backlog.md-windows-x64-1.45.1.tgz",
      "integrity": "sha512-8OGU7+OS6BDpZ0KTH5Z7YecP0lEnrsr39sJCofBsDFxavZN5vODnb0wuu7pZGcCwZWOjAhmBPYVpD/f061OVLA==",
      "cpu": [
        "x64"
      ],
      "optional": true,
      "os": [
        "win32"
      ]
    },
    "node_modules/husky": {
      "version": "9.1.7",
      "resolved": "https://registry.npmjs.org/husky/-/husky-9.1.7.tgz",
      "integrity": "sha512-5gs5ytaNjBrh5Ow3zrvdUUY+0VxIuWVL4i9irt6friV+BqdCfmV11CQTWMiBYWHbXhco+J1kHfTOUkePhCDvMA==",
      "license": "MIT",
      "bin": {
        "husky": "bin.js"
      },
      "engines": {
        "node": ">=18"
      },
      "funding": {
        "url": "https://github.com/sponsors/typicode"
      }
    }
  }
}
